// !$*UTF8*$!
{
	archiveVersion = 1;
	classes = {
	};
	objectVersion = 60;
	objects = {

/* Begin PBXBuildFile section */
		740AFA322E5F645C001658EA /* AppDelegate.swift in Sources */ = {isa = PBXBuildFile; fileRef = 740AFA282E5F645C001658EA /* AppDelegate.swift */; };
		740AFA332E5F645C001658EA /* SceneDelegate.swift in Sources */ = {isa = PBXBuildFile; fileRef = 740AFA2F2E5F645C001658EA /* SceneDelegate.swift */; };
		740AFA342E5F645C001658EA /* ViewController.swift in Sources */ = {isa = PBXBuildFile; fileRef = 740AFA302E5F645C001658EA /* ViewController.swift */; };
		740AFA352E5F645C001658EA /* Assets.xcassets in Resources */ = {isa = PBXBuildFile; fileRef = 740AFA292E5F645C001658EA /* Assets.xcassets */; };
		740AFA372E5F645C001658EA /* LaunchScreen.storyboard in Resources */ = {isa = PBXBuildFile; fileRef = 740AFA2C2E5F645C001658EA /* LaunchScreen.storyboard */; };
		740AFA382E5F645C001658EA /* Main.storyboard in Resources */ = {isa = PBXBuildFile; fileRef = 740AFA2E2E5F645C001658EA /* Main.storyboard */; };
		740AFA472E5F886A001658EA /* NavigationManager.swift in Sources */ = {isa = PBXBuildFile; fileRef = 740AFA462E5F8864001658EA /* NavigationManager.swift */; };
		741882F32E636DC900323D93 /* enumGuide.swift in Sources */ = {isa = PBXBuildFile; fileRef = 741882DD2E636DC900323D93 /* enumGuide.swift */; };
		741882F42E636DC900323D93 /* GuideInfoView.swift in Sources */ = {isa = PBXBuildFile; fileRef = 741882DE2E636DC900323D93 /* GuideInfoView.swift */; };
		741882F52E636DC900323D93 /* GuideView.swift in Sources */ = {isa = PBXBuildFile; fileRef = 741882DF2E636DC900323D93 /* GuideView.swift */; };
		741882F62E636DC900323D93 /* MainView.swift in Sources */ = {isa = PBXBuildFile; fileRef = 741882E12E636DC900323D93 /* MainView.swift */; };
		741882F72E636DC900323D93 /* NewsModel.swift in Sources */ = {isa = PBXBuildFile; fileRef = 741882E32E636DC900323D93 /* NewsModel.swift */; };
		741882F82E636DC900323D93 /* NewsView.swift in Sources */ = {isa = PBXBuildFile; fileRef = 741882E42E636DC900323D93 /* NewsView.swift */; };
		741882F92E636DC900323D93 /* QuizModel.swift in Sources */ = {isa = PBXBuildFile; fileRef = 741882E62E636DC900323D93 /* QuizModel.swift */; };
		741882FA2E636DC900323D93 /* QuizQuestionsView.swift in Sources */ = {isa = PBXBuildFile; fileRef = 741882E72E636DC900323D93 /* QuizQuestionsView.swift */; };
		741882FB2E636DC900323D93 /* QuizResultsManager.swift in Sources */ = {isa = PBXBuildFile; fileRef = 741882E82E636DC900323D93 /* QuizResultsManager.swift */; };
		741882FC2E636DC900323D93 /* QuizResultsView.swift in Sources */ = {isa = PBXBuildFile; fileRef = 741882E92E636DC900323D93 /* QuizResultsView.swift */; };
		741882FD2E636DC900323D93 /* QuizView.swift in Sources */ = {isa = PBXBuildFile; fileRef = 741882EA2E636DC900323D93 /* QuizView.swift */; };
		741882FE2E636DC900323D93 /* RefModel.swift in Sources */ = {isa = PBXBuildFile; fileRef = 741882EC2E636DC900323D93 /* RefModel.swift */; };
		741882FF2E636DC900323D93 /* RefView.swift in Sources */ = {isa = PBXBuildFile; fileRef = 741882ED2E636DC900323D93 /* RefView.swift */; };
		741883002E636DC900323D93 /* SettingsView.swift in Sources */ = {isa = PBXBuildFile; fileRef = 741882EF2E636DC900323D93 /* SettingsView.swift */; };
		741883012E636DC900323D93 /* ContentView.swift in Sources */ = {isa = PBXBuildFile; fileRef = 741882F12E636DC900323D93 /* ContentView.swift */; };
		741883032E636E8300323D93 /* InfoView.swift in Sources */ = {isa = PBXBuildFile; fileRef = 741883022E636E8300323D93 /* InfoView.swift */; };
/* End PBXBuildFile section */

/* Begin PBXFileReference section */
		09A4657E3CA9356F758FC3DA /* Pods-PenaltyHunter.release.xcconfig */ = {isa = PBXFileReference; includeInIndex = 1; lastKnownFileType = text.xcconfig; name = "Pods-PenaltyHunter.release.xcconfig"; path = "Target Support Files/Pods-PenaltyHunter/Pods-PenaltyHunter.release.xcconfig"; sourceTree = "<group>"; };
		2B9572CF2E14DF8F90DE7199 /* Pods-PenaltyHunter.debug.xcconfig */ = {isa = PBXFileReference; includeInIndex = 1; lastKnownFileType = text.xcconfig; name = "Pods-PenaltyHunter.debug.xcconfig"; path = "Target Support Files/Pods-PenaltyHunter/Pods-PenaltyHunter.debug.xcconfig"; sourceTree = "<group>"; };
		2C8538725413DEDFA89F46A0 /* Pods_PenaltyHunter.framework */ = {isa = PBXFileReference; explicitFileType = wrapper.framework; includeInIndex = 0; path = Pods_PenaltyHunter.framework; sourceTree = BUILT_PRODUCTS_DIR; };
		740AFA102E5F640E001658EA /* PenaltyHunter.app */ = {isa = PBXFileReference; explicitFileType = wrapper.application; includeInIndex = 0; path = PenaltyHunter.app; sourceTree = BUILT_PRODUCTS_DIR; };
		740AFA282E5F645C001658EA /* AppDelegate.swift */ = {isa = PBXFileReference; lastKnownFileType = sourcecode.swift; path = AppDelegate.swift; sourceTree = "<group>"; };
		740AFA292E5F645C001658EA /* Assets.xcassets */ = {isa = PBXFileReference; lastKnownFileType = folder.assetcatalog; path = Assets.xcassets; sourceTree = "<group>"; };
		740AFA2A2E5F645C001658EA /* Info.plist */ = {isa = PBXFileReference; lastKnownFileType = text.plist.xml; path = Info.plist; sourceTree = "<group>"; };
		740AFA2B2E5F645C001658EA /* Base */ = {isa = PBXFileReference; lastKnownFileType = file.storyboard; name = Base; path = Base.lproj/LaunchScreen.storyboard; sourceTree = "<group>"; };
		740AFA2D2E5F645C001658EA /* Base */ = {isa = PBXFileReference; lastKnownFileType = file.storyboard; name = Base; path = Base.lproj/Main.storyboard; sourceTree = "<group>"; };
		740AFA2F2E5F645C001658EA /* SceneDelegate.swift */ = {isa = PBXFileReference; lastKnownFileType = sourcecode.swift; path = SceneDelegate.swift; sourceTree = "<group>"; };
		740AFA302E5F645C001658EA /* ViewController.swift */ = {isa = PBXFileReference; lastKnownFileType = sourcecode.swift; path = ViewController.swift; sourceTree = "<group>"; };
		740AFA462E5F8864001658EA /* NavigationManager.swift */ = {isa = PBXFileReference; lastKnownFileType = sourcecode.swift; path = NavigationManager.swift; sourceTree = "<group>"; };
		741882DD2E636DC900323D93 /* enumGuide.swift */ = {isa = PBXFileReference; lastKnownFileType = sourcecode.swift; path = enumGuide.swift; sourceTree = "<group>"; };
		741882DE2E636DC900323D93 /* GuideInfoView.swift */ = {isa = PBXFileReference; lastKnownFileType = sourcecode.swift; path = GuideInfoView.swift; sourceTree = "<group>"; };
		741882DF2E636DC900323D93 /* GuideView.swift */ = {isa = PBXFileReference; lastKnownFileType = sourcecode.swift; path = GuideView.swift; sourceTree = "<group>"; };
		741882E12E636DC900323D93 /* MainView.swift */ = {isa = PBXFileReference; lastKnownFileType = sourcecode.swift; path = MainView.swift; sourceTree = "<group>"; };
		741882E32E636DC900323D93 /* NewsModel.swift */ = {isa = PBXFileReference; lastKnownFileType = sourcecode.swift; path = NewsModel.swift; sourceTree = "<group>"; };
		741882E42E636DC900323D93 /* NewsView.swift */ = {isa = PBXFileReference; lastKnownFileType = sourcecode.swift; path = NewsView.swift; sourceTree = "<group>"; };
		741882E62E636DC900323D93 /* QuizModel.swift */ = {isa = PBXFileReference; lastKnownFileType = sourcecode.swift; path = QuizModel.swift; sourceTree = "<group>"; };
		741882E72E636DC900323D93 /* QuizQuestionsView.swift */ = {isa = PBXFileReference; lastKnownFileType = sourcecode.swift; path = QuizQuestionsView.swift; sourceTree = "<group>"; };
		741882E82E636DC900323D93 /* QuizResultsManager.swift */ = {isa = PBXFileReference; lastKnownFileType = sourcecode.swift; path = QuizResultsManager.swift; sourceTree = "<group>"; };
		741882E92E636DC900323D93 /* QuizResultsView.swift */ = {isa = PBXFileReference; lastKnownFileType = sourcecode.swift; path = QuizResultsView.swift; sourceTree = "<group>"; };
		741882EA2E636DC900323D93 /* QuizView.swift */ = {isa = PBXFileReference; lastKnownFileType = sourcecode.swift; path = QuizView.swift; sourceTree = "<group>"; };
		741882EC2E636DC900323D93 /* RefModel.swift */ = {isa = PBXFileReference; lastKnownFileType = sourcecode.swift; path = RefModel.swift; sourceTree = "<group>"; };
		741882ED2E636DC900323D93 /* RefView.swift */ = {isa = PBXFileReference; lastKnownFileType = sourcecode.swift; path = RefView.swift; sourceTree = "<group>"; };
		741882EF2E636DC900323D93 /* SettingsView.swift */ = {isa = PBXFileReference; lastKnownFileType = sourcecode.swift; path = SettingsView.swift; sourceTree = "<group>"; };
		741882F12E636DC900323D93 /* ContentView.swift */ = {isa = PBXFileReference; lastKnownFileType = sourcecode.swift; path = ContentView.swift; sourceTree = "<group>"; };
		741883022E636E8300323D93 /* InfoView.swift */ = {isa = PBXFileReference; lastKnownFileType = sourcecode.swift; path = InfoView.swift; sourceTree = "<group>"; };
/* End PBXFileReference section */

/* Begin PBXFrameworksBuildPhase section */
		740AFA0D2E5F640E001658EA /* Frameworks */ = {
			isa = PBXFrameworksBuildPhase;
			buildActionMask = 2147483647;
			files = (
			);
			runOnlyForDeploymentPostprocessing = 0;
		};
/* End PBXFrameworksBuildPhase section */

/* Begin PBXGroup section */
		3C11005B57A0460DBC245FA0 /* Frameworks */ = {
			isa = PBXGroup;
			children = (
				2C8538725413DEDFA89F46A0 /* Pods_PenaltyHunter.framework */,
			);
			name = Frameworks;
			sourceTree = "<group>";
		};
		708BC233AFD35D7B66B4302E /* Pods */ = {
			isa = PBXGroup;
			children = (
				2B9572CF2E14DF8F90DE7199 /* Pods-PenaltyHunter.debug.xcconfig */,
				09A4657E3CA9356F758FC3DA /* Pods-PenaltyHunter.release.xcconfig */,
			);
			path = Pods;
			sourceTree = "<group>";
		};
		740AFA072E5F640E001658EA = {
			isa = PBXGroup;
			children = (
				740AFA312E5F645C001658EA /* PenaltyHunter */,
				740AFA112E5F640E001658EA /* Products */,
				708BC233AFD35D7B66B4302E /* Pods */,
				3C11005B57A0460DBC245FA0 /* Frameworks */,
			);
			sourceTree = "<group>";
		};
		740AFA112E5F640E001658EA /* Products */ = {
			isa = PBXGroup;
			children = (
				740AFA102E5F640E001658EA /* PenaltyHunter.app */,
			);
			name = Products;
			sourceTree = "<group>";
		};
		740AFA312E5F645C001658EA /* PenaltyHunter */ = {
			isa = PBXGroup;
			children = (
				740AFA452E5F885B001658EA /* Navigation */,
				740AFA282E5F645C001658EA /* AppDelegate.swift */,
				740AFA292E5F645C001658EA /* Assets.xcassets */,
				740AFA2A2E5F645C001658EA /* Info.plist */,
				740AFA2C2E5F645C001658EA /* LaunchScreen.storyboard */,
				740AFA2E2E5F645C001658EA /* Main.storyboard */,
				740AFA2F2E5F645C001658EA /* SceneDelegate.swift */,
				740AFA302E5F645C001658EA /* ViewController.swift */,
				741882F22E636DC900323D93 /* View */,
			);
			path = PenaltyHunter;
			sourceTree = "<group>";
		};
		740AFA452E5F885B001658EA /* Navigation */ = {
			isa = PBXGroup;
			children = (
				740AFA462E5F8864001658EA /* NavigationManager.swift */,
			);
			path = Navigation;
			sourceTree = "<group>";
		};
		741882E02E636DC900323D93 /* Guide */ = {
			isa = PBXGroup;
			children = (
				741882DD2E636DC900323D93 /* enumGuide.swift */,
				741882DE2E636DC900323D93 /* GuideInfoView.swift */,
				741882DF2E636DC900323D93 /* GuideView.swift */,
			);
			path = Guide;
			sourceTree = "<group>";
		};
		741882E22E636DC900323D93 /* Main */ = {
			isa = PBXGroup;
			children = (
				741882E12E636DC900323D93 /* MainView.swift */,
			);
			path = Main;
			sourceTree = "<group>";
		};
		741882E52E636DC900323D93 /* News */ = {
			isa = PBXGroup;
			children = (
				741882E32E636DC900323D93 /* NewsModel.swift */,
				741882E42E636DC900323D93 /* NewsView.swift */,
			);
			path = News;
			sourceTree = "<group>";
		};
		741882EB2E636DC900323D93 /* Quiz */ = {
			isa = PBXGroup;
			children = (
				741882E62E636DC900323D93 /* QuizModel.swift */,
				741882E72E636DC900323D93 /* QuizQuestionsView.swift */,
				741882E82E636DC900323D93 /* QuizResultsManager.swift */,
				741882E92E636DC900323D93 /* QuizResultsView.swift */,
				741882EA2E636DC900323D93 /* QuizView.swift */,
			);
			path = Quiz;
			sourceTree = "<group>";
		};
		741882EE2E636DC900323D93 /* Ref */ = {
			isa = PBXGroup;
			children = (
				741882EC2E636DC900323D93 /* RefModel.swift */,
				741882ED2E636DC900323D93 /* RefView.swift */,
			);
			path = Ref;
			sourceTree = "<group>";
		};
		741882F02E636DC900323D93 /* Settings */ = {
			isa = PBXGroup;
			children = (
				741882EF2E636DC900323D93 /* SettingsView.swift */,
				741883022E636E8300323D93 /* InfoView.swift */,
			);
			path = Settings;
			sourceTree = "<group>";
		};
		741882F22E636DC900323D93 /* View */ = {
			isa = PBXGroup;
			children = (
				741882E02E636DC900323D93 /* Guide */,
				741882E22E636DC900323D93 /* Main */,
				741882E52E636DC900323D93 /* News */,
				741882EB2E636DC900323D93 /* Quiz */,
				741882EE2E636DC900323D93 /* Ref */,
				741882F02E636DC900323D93 /* Settings */,
				741882F12E636DC900323D93 /* ContentView.swift */,
			);
			path = View;
			sourceTree = "<group>";
		};
/* End PBXGroup section */

/* Begin PBXNativeTarget section */
		740AFA0F2E5F640E001658EA /* PenaltyHunter */ = {
			isa = PBXNativeTarget;
			buildConfigurationList = 740AFA232E5F640F001658EA /* Build configuration list for PBXNativeTarget "PenaltyHunter" */;
			buildPhases = (
				D04C46AB01B77BDDAC283791 /* [CP] Check Pods Manifest.lock */,
				740AFA0C2E5F640E001658EA /* Sources */,
				740AFA0D2E5F640E001658EA /* Frameworks */,
				740AFA0E2E5F640E001658EA /* Resources */,
			);
			buildRules = (
			);
			dependencies = (
			);
			name = PenaltyHunter;
			productName = PenaltyHunter;
			productReference = 740AFA102E5F640E001658EA /* PenaltyHunter.app */;
			productType = "com.apple.product-type.application";
		};
/* End PBXNativeTarget section */

/* Begin PBXProject section */
		740AFA082E5F640E001658EA /* Project object */ = {
			isa = PBXProject;
			attributes = {
				BuildIndependentTargetsInParallel = 1;
				LastSwiftUpdateCheck = 1640;
				LastUpgradeCheck = 1640;
				TargetAttributes = {
					740AFA0F2E5F640E001658EA = {
						CreatedOnToolsVersion = 16.4;
					};
				};
			};
			buildConfigurationList = 740AFA0B2E5F640E001658EA /* Build configuration list for PBXProject "PenaltyHunter" */;
			compatibilityVersion = "Xcode 15.0";
			developmentRegion = en;
			hasScannedForEncodings = 0;
			knownRegions = (
				en,
				Base,
			);
			mainGroup = 740AFA072E5F640E001658EA;
			productRefGroup = 740AFA112E5F640E001658EA /* Products */;
			projectDirPath = "";
			projectRoot = "";
			targets = (
				740AFA0F2E5F640E001658EA /* PenaltyHunter */,
			);
		};
/* End PBXProject section */

/* Begin PBXResourcesBuildPhase section */
		740AFA0E2E5F640E001658EA /* Resources */ = {
			isa = PBXResourcesBuildPhase;
			buildActionMask = 2147483647;
			files = (
				740AFA352E5F645C001658EA /* Assets.xcassets in Resources */,
				740AFA372E5F645C001658EA /* LaunchScreen.storyboard in Resources */,
				740AFA382E5F645C001658EA /* Main.storyboard in Resources */,
			);
			runOnlyForDeploymentPostprocessing = 0;
		};
/* End PBXResourcesBuildPhase section */

/* Begin PBXShellScriptBuildPhase section */
		D04C46AB01B77BDDAC283791 /* [CP] Check Pods Manifest.lock */ = {
			isa = PBXShellScriptBuildPhase;
			buildActionMask = 2147483647;
			files = (
			);
			inputFileListPaths = (
			);
			inputPaths = (
				"${PODS_PODFILE_DIR_PATH}/Podfile.lock",
				"${PODS_ROOT}/Manifest.lock",
			);
			name = "[CP] Check Pods Manifest.lock";
			outputFileListPaths = (
			);
			outputPaths = (
				"$(DERIVED_FILE_DIR)/Pods-PenaltyHunter-checkManifestLockResult.txt",
			);
			runOnlyForDeploymentPostprocessing = 0;
			shellPath = /bin/sh;
			shellScript = "diff \"${PODS_PODFILE_DIR_PATH}/Podfile.lock\" \"${PODS_ROOT}/Manifest.lock\" > /dev/null\nif [ $? != 0 ] ; then\n    # print error to STDERR\n    echo \"error: The sandbox is not in sync with the Podfile.lock. Run 'pod install' or update your CocoaPods installation.\" >&2\n    exit 1\nfi\n# This output is used by Xcode 'outputs' to avoid re-running this script phase.\necho \"SUCCESS\" > \"${SCRIPT_OUTPUT_FILE_0}\"\n";
			showEnvVarsInLog = 0;
		};
/* End PBXShellScriptBuildPhase section */

/* Begin PBXSourcesBuildPhase section */
		740AFA0C2E5F640E001658EA /* Sources */ = {
			isa = PBXSourcesBuildPhase;
			buildActionMask = 2147483647;
			files = (
				740AFA322E5F645C001658EA /* AppDelegate.swift in Sources */,
				740AFA332E5F645C001658EA /* SceneDelegate.swift in Sources */,
				741882F32E636DC900323D93 /* enumGuide.swift in Sources */,
				741882F42E636DC900323D93 /* GuideInfoView.swift in Sources */,
				741882F52E636DC900323D93 /* GuideView.swift in Sources */,
				741882F62E636DC900323D93 /* MainView.swift in Sources */,
				741882F72E636DC900323D93 /* NewsModel.swift in Sources */,
				741882F82E636DC900323D93 /* NewsView.swift in Sources */,
				741883032E636E8300323D93 /* InfoView.swift in Sources */,
				741882F92E636DC900323D93 /* QuizModel.swift in Sources */,
				741882FA2E636DC900323D93 /* QuizQuestionsView.swift in Sources */,
				741882FB2E636DC900323D93 /* QuizResultsManager.swift in Sources */,
				741882FC2E636DC900323D93 /* QuizResultsView.swift in Sources */,
				741882FD2E636DC900323D93 /* QuizView.swift in Sources */,
				741882FE2E636DC900323D93 /* RefModel.swift in Sources */,
				741882FF2E636DC900323D93 /* RefView.swift in Sources */,
				741883002E636DC900323D93 /* SettingsView.swift in Sources */,
				741883012E636DC900323D93 /* ContentView.swift in Sources */,
				740AFA472E5F886A001658EA /* NavigationManager.swift in Sources */,
				740AFA342E5F645C001658EA /* ViewController.swift in Sources */,
			);
			runOnlyForDeploymentPostprocessing = 0;
		};
/* End PBXSourcesBuildPhase section */

/* Begin PBXVariantGroup section */
		740AFA2C2E5F645C001658EA /* LaunchScreen.storyboard */ = {
			isa = PBXVariantGroup;
			children = (
				740AFA2B2E5F645C001658EA /* Base */,
			);
			name = LaunchScreen.storyboard;
			sourceTree = "<group>";
		};
		740AFA2E2E5F645C001658EA /* Main.storyboard */ = {
			isa = PBXVariantGroup;
			children = (
				740AFA2D2E5F645C001658EA /* Base */,
			);
			name = Main.storyboard;
			sourceTree = "<group>";
		};
/* End PBXVariantGroup section */

/* Begin XCBuildConfiguration section */
		740AFA242E5F640F001658EA /* Debug */ = {
			isa = XCBuildConfiguration;
			baseConfigurationReference = 2B9572CF2E14DF8F90DE7199 /* Pods-PenaltyHunter.debug.xcconfig */;
			buildSettings = {
				ASSETCATALOG_COMPILER_APPICON_NAME = AppIcon;
				ASSETCATALOG_COMPILER_GLOBAL_ACCENT_COLOR_NAME = AccentColor;
				CODE_SIGN_STYLE = Automatic;
				CURRENT_PROJECT_VERSION = 1;
				GENERATE_INFOPLIST_FILE = YES;
				INFOPLIST_FILE = PenaltyHunter/Info.plist;
				INFOPLIST_KEY_CFBundleDisplayName = "Penalty Hunter";
				INFOPLIST_KEY_UIApplicationSupportsIndirectInputEvents = YES;
				INFOPLIST_KEY_UILaunchStoryboardName = LaunchScreen;
				INFOPLIST_KEY_UIMainStoryboardFile = Main;
				INFOPLIST_KEY_UISupportedInterfaceOrientations = UIInterfaceOrientationPortrait;
				INFOPLIST_KEY_UISupportedInterfaceOrientations_iPad = "UIInterfaceOrientationLandscapeLeft UIInterfaceOrientationLandscapeRight UIInterfaceOrientationPortrait UIInterfaceOrientationPortraitUpsideDown";
				IPHONEOS_DEPLOYMENT_TARGET = 16.6;
				LD_RUNPATH_SEARCH_PATHS = (
					"$(inherited)",
					"@executable_path/Frameworks",
				);
				MARKETING_VERSION = 1.0;
				PRODUCT_BUNDLE_IDENTIFIER = com.hug.p3n4ltyhunt3r;
				PRODUCT_NAME = "$(TARGET_NAME)";
				SUPPORTED_PLATFORMS = "iphoneos iphonesimulator";
				SUPPORTS_MACCATALYST = NO;
				SUPPORTS_MAC_DESIGNED_FOR_IPHONE_IPAD = NO;
				SUPPORTS_XR_DESIGNED_FOR_IPHONE_IPAD = NO;
				SWIFT_EMIT_LOC_STRINGS = YES;
				SWIFT_VERSION = 5.0;
				TARGETED_DEVICE_FAMILY = 1;
			};
			name = Debug;
		};
		740AFA252E5F640F001658EA /* Release */ = {
			isa = XCBuildConfiguration;
			baseConfigurationReference = 09A4657E3CA9356F758FC3DA /* Pods-PenaltyHunter.release.xcconfig */;
			buildSettings = {
				ASSETCATALOG_COMPILER_APPICON_NAME = AppIcon;
				ASSETCATALOG_COMPILER_GLOBAL_ACCENT_COLOR_NAME = AccentColor;
				CODE_SIGN_STYLE = Automatic;
				CURRENT_PROJECT_VERSION = 1;
				GENERATE_INFOPLIST_FILE = YES;
				INFOPLIST_FILE = PenaltyHunter/Info.plist;
				INFOPLIST_KEY_CFBundleDisplayName = "Penalty Hunter";
				INFOPLIST_KEY_UIApplicationSupportsIndirectInputEvents = YES;
				INFOPLIST_KEY_UILaunchStoryboardName = LaunchScreen;
				INFOPLIST_KEY_UIMainStoryboardFile = Main;
				INFOPLIST_KEY_UISupportedInterfaceOrientations = UIInterfaceOrientationPortrait;
				INFOPLIST_KEY_UISupportedInterfaceOrientations_iPad = "UIInterfaceOrientationLandscapeLeft UIInterfaceOrientationLandscapeRight UIInterfaceOrientationPortrait UIInterfaceOrientationPortraitUpsideDown";
				IPHONEOS_DEPLOYMENT_TARGET = 16.6;
				LD_RUNPATH_SEARCH_PATHS = (
					"$(inherited)",
					"@executable_path/Frameworks",
				);
				MARKETING_VERSION = 1.0;
				PRODUCT_BUNDLE_IDENTIFIER = com.hug.p3n4ltyhunt3r;
				PRODUCT_NAME = "$(TARGET_NAME)";
				SUPPORTED_PLATFORMS = "iphoneos iphonesimulator";
				SUPPORTS_MACCATALYST = NO;
				SUPPORTS_MAC_DESIGNED_FOR_IPHONE_IPAD = NO;
				SUPPORTS_XR_DESIGNED_FOR_IPHONE_IPAD = NO;
				SWIFT_EMIT_LOC_STRINGS = YES;
				SWIFT_VERSION = 5.0;
				TARGETED_DEVICE_FAMILY = 1;
			};
			name = Release;
		};
		740AFA262E5F640F001658EA /* Debug */ = {
			isa = XCBuildConfiguration;
			buildSettings = {
				ALWAYS_SEARCH_USER_PATHS = NO;
				ASSETCATALOG_COMPILER_GENERATE_SWIFT_ASSET_SYMBOL_EXTENSIONS = YES;
				CLANG_ANALYZER_NONNULL = YES;
				CLANG_ANALYZER_NUMBER_OBJECT_CONVERSION = YES_AGGRESSIVE;
				CLANG_CXX_LANGUAGE_STANDARD = "gnu++20";
				CLANG_ENABLE_MODULES = YES;
				CLANG_ENABLE_OBJC_ARC = YES;
				CLANG_ENABLE_OBJC_WEAK = YES;
				CLANG_WARN_BLOCK_CAPTURE_AUTORELEASING = YES;
				CLANG_WARN_BOOL_CONVERSION = YES;
				CLANG_WARN_COMMA = YES;
				CLANG_WARN_CONSTANT_CONVERSION = YES;
				CLANG_WARN_DEPRECATED_OBJC_IMPLEMENTATIONS = YES;
				CLANG_WARN_DIRECT_OBJC_ISA_USAGE = YES_ERROR;
				CLANG_WARN_DOCUMENTATION_COMMENTS = YES;
				CLANG_WARN_EMPTY_BODY = YES;
				CLANG_WARN_ENUM_CONVERSION = YES;
				CLANG_WARN_INFINITE_RECURSION = YES;
				CLANG_WARN_INT_CONVERSION = YES;
				CLANG_WARN_NON_LITERAL_NULL_CONVERSION = YES;
				CLANG_WARN_OBJC_IMPLICIT_RETAIN_SELF = YES;
				CLANG_WARN_OBJC_LITERAL_CONVERSION = YES;
				CLANG_WARN_OBJC_ROOT_CLASS = YES_ERROR;
				CLANG_WARN_QUOTED_INCLUDE_IN_FRAMEWORK_HEADER = YES;
				CLANG_WARN_RANGE_LOOP_ANALYSIS = YES;
				CLANG_WARN_STRICT_PROTOTYPES = YES;
				CLANG_WARN_SUSPICIOUS_MOVE = YES;
				CLANG_WARN_UNGUARDED_AVAILABILITY = YES_AGGRESSIVE;
				CLANG_WARN_UNREACHABLE_CODE = YES;
				CLANG_WARN__DUPLICATE_METHOD_MATCH = YES;
				COPY_PHASE_STRIP = NO;
				DEBUG_INFORMATION_FORMAT = dwarf;
				ENABLE_STRICT_OBJC_MSGSEND = YES;
				ENABLE_TESTABILITY = YES;
				ENABLE_USER_SCRIPT_SANDBOXING = YES;
				GCC_C_LANGUAGE_STANDARD = gnu17;
				GCC_DYNAMIC_NO_PIC = NO;
				GCC_NO_COMMON_BLOCKS = YES;
				GCC_OPTIMIZATION_LEVEL = 0;
				GCC_PREPROCESSOR_DEFINITIONS = (
					"DEBUG=1",
					"$(inherited)",
				);
				GCC_WARN_64_TO_32_BIT_CONVERSION = YES;
				GCC_WARN_ABOUT_RETURN_TYPE = YES_ERROR;
				GCC_WARN_UNDECLARED_SELECTOR = YES;
				GCC_WARN_UNINITIALIZED_AUTOS = YES_AGGRESSIVE;
				GCC_WARN_UNUSED_FUNCTION = YES;
				GCC_WARN_UNUSED_VARIABLE = YES;
				IPHONEOS_DEPLOYMENT_TARGET = 18.5;
				LOCALIZATION_PREFERS_STRING_CATALOGS = YES;
				MTL_ENABLE_DEBUG_INFO = INCLUDE_SOURCE;
				MTL_FAST_MATH = YES;
				ONLY_ACTIVE_ARCH = YES;
				SDKROOT = iphoneos;
				SWIFT_ACTIVE_COMPILATION_CONDITIONS = "DEBUG $(inherited)";
				SWIFT_OPTIMIZATION_LEVEL = "-Onone";
			};
			name = Debug;
		};
		740AFA272E5F640F001658EA /* Release */ = {
			isa = XCBuildConfiguration;
			buildSettings = {
				ALWAYS_SEARCH_USER_PATHS = NO;
				ASSETCATALOG_COMPILER_GENERATE_SWIFT_ASSET_SYMBOL_EXTENSIONS = YES;
				CLANG_ANALYZER_NONNULL = YES;
				CLANG_ANALYZER_NUMBER_OBJECT_CONVERSION = YES_AGGRESSIVE;
				CLANG_CXX_LANGUAGE_STANDARD = "gnu++20";
				CLANG_ENABLE_MODULES = YES;
				CLANG_ENABLE_OBJC_ARC = YES;
				CLANG_ENABLE_OBJC_WEAK = YES;
				CLANG_WARN_BLOCK_CAPTURE_AUTORELEASING = YES;
				CLANG_WARN_BOOL_CONVERSION = YES;
				CLANG_WARN_COMMA = YES;
				CLANG_WARN_CONSTANT_CONVERSION = YES;
				CLANG_WARN_DEPRECATED_OBJC_IMPLEMENTATIONS = YES;
				CLANG_WARN_DIRECT_OBJC_ISA_USAGE = YES_ERROR;
				CLANG_WARN_DOCUMENTATION_COMMENTS = YES;
				CLANG_WARN_EMPTY_BODY = YES;
				CLANG_WARN_ENUM_CONVERSION = YES;
				CLANG_WARN_INFINITE_RECURSION = YES;
				CLANG_WARN_INT_CONVERSION = YES;
				CLANG_WARN_NON_LITERAL_NULL_CONVERSION = YES;
				CLANG_WARN_OBJC_IMPLICIT_RETAIN_SELF = YES;
				CLANG_WARN_OBJC_LITERAL_CONVERSION = YES;
				CLANG_WARN_OBJC_ROOT_CLASS = YES_ERROR;
				CLANG_WARN_QUOTED_INCLUDE_IN_FRAMEWORK_HEADER = YES;
				CLANG_WARN_RANGE_LOOP_ANALYSIS = YES;
				CLANG_WARN_STRICT_PROTOTYPES = YES;
				CLANG_WARN_SUSPICIOUS_MOVE = YES;
				CLANG_WARN_UNGUARDED_AVAILABILITY = YES_AGGRESSIVE;
				CLANG_WARN_UNREACHABLE_CODE = YES;
				CLANG_WARN__DUPLICATE_METHOD_MATCH = YES;
				COPY_PHASE_STRIP = NO;
				DEBUG_INFORMATION_FORMAT = "dwarf-with-dsym";
				ENABLE_NS_ASSERTIONS = NO;
				ENABLE_STRICT_OBJC_MSGSEND = YES;
				ENABLE_USER_SCRIPT_SANDBOXING = YES;
				GCC_C_LANGUAGE_STANDARD = gnu17;
				GCC_NO_COMMON_BLOCKS = YES;
				GCC_WARN_64_TO_32_BIT_CONVERSION = YES;
				GCC_WARN_ABOUT_RETURN_TYPE = YES_ERROR;
				GCC_WARN_UNDECLARED_SELECTOR = YES;
				GCC_WARN_UNINITIALIZED_AUTOS = YES_AGGRESSIVE;
				GCC_WARN_UNUSED_FUNCTION = YES;
				GCC_WARN_UNUSED_VARIABLE = YES;
				IPHONEOS_DEPLOYMENT_TARGET = 18.5;
				LOCALIZATION_PREFERS_STRING_CATALOGS = YES;
				MTL_ENABLE_DEBUG_INFO = NO;
				MTL_FAST_MATH = YES;
				SDKROOT = iphoneos;
				SWIFT_COMPILATION_MODE = wholemodule;
				VALIDATE_PRODUCT = YES;
			};
			name = Release;
		};
/* End XCBuildConfiguration section */

/* Begin XCConfigurationList section */
		740AFA0B2E5F640E001658EA /* Build configuration list for PBXProject "PenaltyHunter" */ = {
			isa = XCConfigurationList;
			buildConfigurations = (
				740AFA262E5F640F001658EA /* Debug */,
				740AFA272E5F640F001658EA /* Release */,
			);
			defaultConfigurationIsVisible = 0;
			defaultConfigurationName = Release;
		};
		740AFA232E5F640F001658EA /* Build configuration list for PBXNativeTarget "PenaltyHunter" */ = {
			isa = XCConfigurationList;
			buildConfigurations = (
				740AFA242E5F640F001658EA /* Debug */,
				740AFA252E5F640F001658EA /* Release */,
			);
			defaultConfigurationIsVisible = 0;
			defaultConfigurationName = Release;
		};
/* End XCConfigurationList section */
	};
	rootObject = 740AFA082E5F640E001658EA /* Project object */;
}
